
Microsoft Visual Studio Solution File, Format Version 12.00
# Visual Studio Version 17
VisualStudioVersion = 17.14.36221.1 d17.14
MinimumVisualStudioVersion = 10.0.40219.1
Project("{FAE04EC0-301F-11D3-BF4B-00C04F79EFBC}") = "ImportadorFeriados", "ImportadorFeriados.csproj", "{FDB17935-4590-6C79-5E7C-22A087485503}"
EndProject
Global
	GlobalSection(SolutionConfigurationPlatforms) = preSolution
		Debug|Any CPU = Debug|Any CPU
		Release|Any CPU = Release|Any CPU
	EndGlobalSection
	GlobalSection(ProjectConfigurationPlatforms) = postSolution
		{FDB17935-4590-6C79-5E7C-22A087485503}.Debug|Any CPU.ActiveCfg = Debug|Any CPU
		{FDB17935-4590-6C79-5E7C-22A087485503}.Debug|Any CPU.Build.0 = Debug|Any CPU
		{FDB17935-4590-6C79-5E7C-22A087485503}.Release|Any CPU.ActiveCfg = Release|Any CPU
		{FDB17935-4590-6C79-5E7C-22A087485503}.Release|Any CPU.Build.0 = Release|Any CPU
	EndGlobalSection
	GlobalSection(SolutionProperties) = preSolution
		HideSolutionNode = FALSE
	EndGlobalSection
	GlobalSection(ExtensibilityGlobals) = postSolution
		SolutionGuid = {2B01FC5F-592A-4FE0-8588-B3D7BEAF6843}
	EndGlobalSection
EndGlobal
